// !$*UTF8*$!
{
	archiveVersion = 1;
	classes = {
	};
	objectVersion = 56;
	objects = {

/* Begin PBXBuildFile section */
		7E00ABB92938FC6500E7BDBE /* Color+Extension.swift in Sources */ = {isa = PBXBuildFile; fileRef = 7E00ABB82938FC6500E7BDBE /* Color+Extension.swift */; };
		7E00ABBB2938FE3900E7BDBE /* ProductListCard.swift in Sources */ = {isa = PBXBuildFile; fileRef = 7E00ABBA2938FE3900E7BDBE /* ProductListCard.swift */; };
		7E00ABBD2939055C00E7BDBE /* ProductListFilterButton.swift in Sources */ = {isa = PBXBuildFile; fileRef = 7E00ABBC2939055B00E7BDBE /* ProductListFilterButton.swift */; };
		7E00ABBF293905BC00E7BDBE /* OutlineButtonStyle.swift in Sources */ = {isa = PBXBuildFile; fileRef = 7E00ABBE293905BC00E7BDBE /* OutlineButtonStyle.swift */; };
		7E00ABC2293907C500E7BDBE /* ProductListFilter.swift in Sources */ = {isa = PBXBuildFile; fileRef = 7E00ABC1293907C500E7BDBE /* ProductListFilter.swift */; };
		7E00ABC42939080D00E7BDBE /* ProductFocus.swift in Sources */ = {isa = PBXBuildFile; fileRef = 7E00ABC32939080D00E7BDBE /* ProductFocus.swift */; };
		7E00ABC62939081900E7BDBE /* ProductType.swift in Sources */ = {isa = PBXBuildFile; fileRef = 7E00ABC52939081900E7BDBE /* ProductType.swift */; };
		7E041E6F29437FA90065BAF5 /* CheckoutProduct.swift in Sources */ = {isa = PBXBuildFile; fileRef = 7E041E6E29437FA90065BAF5 /* CheckoutProduct.swift */; };
		7E041E71294380190065BAF5 /* CheckoutView.swift in Sources */ = {isa = PBXBuildFile; fileRef = 7E041E70294380190065BAF5 /* CheckoutView.swift */; };
		7E041E74294380E80065BAF5 /* Stripe in Frameworks */ = {isa = PBXBuildFile; productRef = 7E041E73294380E80065BAF5 /* Stripe */; };
		7E041E76294380E80065BAF5 /* StripeApplePay in Frameworks */ = {isa = PBXBuildFile; productRef = 7E041E75294380E80065BAF5 /* StripeApplePay */; };
		7E041E78294380E80065BAF5 /* StripeCardScan in Frameworks */ = {isa = PBXBuildFile; productRef = 7E041E77294380E80065BAF5 /* StripeCardScan */; };
		7E041E7A294380E80065BAF5 /* StripeFinancialConnections in Frameworks */ = {isa = PBXBuildFile; productRef = 7E041E79294380E80065BAF5 /* StripeFinancialConnections */; };
		7E041E7C294380E80065BAF5 /* StripeIdentity in Frameworks */ = {isa = PBXBuildFile; productRef = 7E041E7B294380E80065BAF5 /* StripeIdentity */; };
		7E041E7E294380E80065BAF5 /* StripePaymentSheet in Frameworks */ = {isa = PBXBuildFile; productRef = 7E041E7D294380E80065BAF5 /* StripePaymentSheet */; };
		7E041E80294380E80065BAF5 /* StripePayments in Frameworks */ = {isa = PBXBuildFile; productRef = 7E041E7F294380E80065BAF5 /* StripePayments */; };
		7E041E82294380E80065BAF5 /* StripePaymentsUI in Frameworks */ = {isa = PBXBuildFile; productRef = 7E041E81294380E80065BAF5 /* StripePaymentsUI */; };
		7E041E842943859E0065BAF5 /* CheckoutViewModel.swift in Sources */ = {isa = PBXBuildFile; fileRef = 7E041E832943859E0065BAF5 /* CheckoutViewModel.swift */; };
		7E041E87294385EA0065BAF5 /* FirebaseFunctions in Frameworks */ = {isa = PBXBuildFile; productRef = 7E041E86294385EA0065BAF5 /* FirebaseFunctions */; };
		7E09B1AF29393ECA00960821 /* ProductFeatureCell.swift in Sources */ = {isa = PBXBuildFile; fileRef = 7E09B1AE29393ECA00960821 /* ProductFeatureCell.swift */; };
		7E09B1B12939408A00960821 /* ProductFeatureListView.swift in Sources */ = {isa = PBXBuildFile; fileRef = 7E09B1B02939408A00960821 /* ProductFeatureListView.swift */; };
		7E09B1B3293CE2A000960821 /* ProductFeature.swift in Sources */ = {isa = PBXBuildFile; fileRef = 7E09B1B2293CE2A000960821 /* ProductFeature.swift */; };
		7E1B1EB22937A37E00E45C7D /* ProductConfiguration.swift in Sources */ = {isa = PBXBuildFile; fileRef = 7E1B1EB12937A37E00E45C7D /* ProductConfiguration.swift */; };
		7E1B1EB42937A3A600E45C7D /* ProductColor.swift in Sources */ = {isa = PBXBuildFile; fileRef = 7E1B1EB32937A3A600E45C7D /* ProductColor.swift */; };
		7E1B1EB62937AD5400E45C7D /* ProductConfigurator.swift in Sources */ = {isa = PBXBuildFile; fileRef = 7E1B1EB52937AD5400E45C7D /* ProductConfigurator.swift */; };
		7E3934A1291AB7C6004C3146 /* Compler_iOSApp.swift in Sources */ = {isa = PBXBuildFile; fileRef = 7E3934A0291AB7C6004C3146 /* Compler_iOSApp.swift */; };
		7E3934A5291AB7C9004C3146 /* Assets.xcassets in Resources */ = {isa = PBXBuildFile; fileRef = 7E3934A4291AB7C9004C3146 /* Assets.xcassets */; };
		7E3934A8291AB7C9004C3146 /* Preview Assets.xcassets in Resources */ = {isa = PBXBuildFile; fileRef = 7E3934A7291AB7C9004C3146 /* Preview Assets.xcassets */; };
		7E3934BE291AB82C004C3146 /* DatabaseManager.swift in Sources */ = {isa = PBXBuildFile; fileRef = 7E3934AF291AB820004C3146 /* DatabaseManager.swift */; };
		7E3934BF291AB82C004C3146 /* DashboardView.swift in Sources */ = {isa = PBXBuildFile; fileRef = 7E3934B1291AB821004C3146 /* DashboardView.swift */; };
		7E3934C0291AB82D004C3146 /* CarouselCard.swift in Sources */ = {isa = PBXBuildFile; fileRef = 7E3934B3291AB821004C3146 /* CarouselCard.swift */; };
		7E3934C1291AB82D004C3146 /* CarouselView.swift in Sources */ = {isa = PBXBuildFile; fileRef = 7E3934B4291AB821004C3146 /* CarouselView.swift */; };
		7E3934C2291AB82D004C3146 /* ProductDetailView.swift in Sources */ = {isa = PBXBuildFile; fileRef = 7E3934B5291AB821004C3146 /* ProductDetailView.swift */; };
		7E3934C3291AB82D004C3146 /* ProductListView.swift in Sources */ = {isa = PBXBuildFile; fileRef = 7E3934B6291AB821004C3146 /* ProductListView.swift */; };
		7E3934C4291AB82D004C3146 /* animated-logo.gif in Resources */ = {isa = PBXBuildFile; fileRef = 7E3934B8291AB82A004C3146 /* animated-logo.gif */; };
		7E3934C5291AB82D004C3146 /* Product.swift in Sources */ = {isa = PBXBuildFile; fileRef = 7E3934BA291AB82A004C3146 /* Product.swift */; };
		7E3934C6291AB82D004C3146 /* Resolution.swift in Sources */ = {isa = PBXBuildFile; fileRef = 7E3934BB291AB82A004C3146 /* Resolution.swift */; };
		7E3934CA291ABBD4004C3146 /* FirebaseAuth in Frameworks */ = {isa = PBXBuildFile; productRef = 7E3934C9291ABBD4004C3146 /* FirebaseAuth */; };
		7E3934CC291ABBD4004C3146 /* FirebaseFirestore in Frameworks */ = {isa = PBXBuildFile; productRef = 7E3934CB291ABBD4004C3146 /* FirebaseFirestore */; };
		7E3934CE291ABBD4004C3146 /* FirebaseFirestoreSwift in Frameworks */ = {isa = PBXBuildFile; productRef = 7E3934CD291ABBD4004C3146 /* FirebaseFirestoreSwift */; };
		7E3934D0291ABD25004C3146 /* GoogleService-Info.plist in Resources */ = {isa = PBXBuildFile; fileRef = 7E3934CF291ABD25004C3146 /* GoogleService-Info.plist */; };
		7E3934D3291ACE18004C3146 /* SDWebImageSwiftUI in Frameworks */ = {isa = PBXBuildFile; productRef = 7E3934D2291ACE18004C3146 /* SDWebImageSwiftUI */; };
		7E91DC89291C19F20079B186 /* ProductViewModel.swift in Sources */ = {isa = PBXBuildFile; fileRef = 7E91DC88291C19F20079B186 /* ProductViewModel.swift */; };
		7E91DC8B291C22D80079B186 /* ProductListViewModel.swift in Sources */ = {isa = PBXBuildFile; fileRef = 7E91DC8A291C22D80079B186 /* ProductListViewModel.swift */; };
		7E97AA1B2944E09F007B4DC8 /* CardField.swift in Sources */ = {isa = PBXBuildFile; fileRef = 7E97AA1A2944E09F007B4DC8 /* CardField.swift */; };
		7E97AA1D2944E330007B4DC8 /* StripeManager.swift in Sources */ = {isa = PBXBuildFile; fileRef = 7E97AA1C2944E330007B4DC8 /* StripeManager.swift */; };
		7E97AA212944FE16007B4DC8 /* LargeButtonStyle.swift in Sources */ = {isa = PBXBuildFile; fileRef = 7E97AA202944FE16007B4DC8 /* LargeButtonStyle.swift */; };
		7EC4B3A92920E73700ABEC90 /* ProductOption.swift in Sources */ = {isa = PBXBuildFile; fileRef = 7EC4B3A82920E73700ABEC90 /* ProductOption.swift */; };
/* End PBXBuildFile section */

/* Begin PBXFileReference section */
		7E00ABB82938FC6500E7BDBE /* Color+Extension.swift */ = {isa = PBXFileReference; lastKnownFileType = sourcecode.swift; path = "Color+Extension.swift"; sourceTree = "<group>"; };
		7E00ABBA2938FE3900E7BDBE /* ProductListCard.swift */ = {isa = PBXFileReference; lastKnownFileType = sourcecode.swift; path = ProductListCard.swift; sourceTree = "<group>"; };
		7E00ABBC2939055B00E7BDBE /* ProductListFilterButton.swift */ = {isa = PBXFileReference; lastKnownFileType = sourcecode.swift; path = ProductListFilterButton.swift; sourceTree = "<group>"; };
		7E00ABBE293905BC00E7BDBE /* OutlineButtonStyle.swift */ = {isa = PBXFileReference; lastKnownFileType = sourcecode.swift; path = OutlineButtonStyle.swift; sourceTree = "<group>"; };
		7E00ABC1293907C500E7BDBE /* ProductListFilter.swift */ = {isa = PBXFileReference; lastKnownFileType = sourcecode.swift; path = ProductListFilter.swift; sourceTree = "<group>"; };
		7E00ABC32939080D00E7BDBE /* ProductFocus.swift */ = {isa = PBXFileReference; lastKnownFileType = sourcecode.swift; path = ProductFocus.swift; sourceTree = "<group>"; };
		7E00ABC52939081900E7BDBE /* ProductType.swift */ = {isa = PBXFileReference; lastKnownFileType = sourcecode.swift; path = ProductType.swift; sourceTree = "<group>"; };
		7E041E6E29437FA90065BAF5 /* CheckoutProduct.swift */ = {isa = PBXFileReference; lastKnownFileType = sourcecode.swift; path = CheckoutProduct.swift; sourceTree = "<group>"; };
		7E041E70294380190065BAF5 /* CheckoutView.swift */ = {isa = PBXFileReference; lastKnownFileType = sourcecode.swift; path = CheckoutView.swift; sourceTree = "<group>"; };
		7E041E832943859E0065BAF5 /* CheckoutViewModel.swift */ = {isa = PBXFileReference; lastKnownFileType = sourcecode.swift; path = CheckoutViewModel.swift; sourceTree = "<group>"; };
		7E09B1AE29393ECA00960821 /* ProductFeatureCell.swift */ = {isa = PBXFileReference; lastKnownFileType = sourcecode.swift; path = ProductFeatureCell.swift; sourceTree = "<group>"; };
		7E09B1B02939408A00960821 /* ProductFeatureListView.swift */ = {isa = PBXFileReference; lastKnownFileType = sourcecode.swift; path = ProductFeatureListView.swift; sourceTree = "<group>"; };
		7E09B1B2293CE2A000960821 /* ProductFeature.swift */ = {isa = PBXFileReference; lastKnownFileType = sourcecode.swift; path = ProductFeature.swift; sourceTree = "<group>"; };
		7E1B1EB12937A37E00E45C7D /* ProductConfiguration.swift */ = {isa = PBXFileReference; lastKnownFileType = sourcecode.swift; path = ProductConfiguration.swift; sourceTree = "<group>"; };
		7E1B1EB32937A3A600E45C7D /* ProductColor.swift */ = {isa = PBXFileReference; lastKnownFileType = sourcecode.swift; path = ProductColor.swift; sourceTree = "<group>"; };
		7E1B1EB52937AD5400E45C7D /* ProductConfigurator.swift */ = {isa = PBXFileReference; lastKnownFileType = sourcecode.swift; path = ProductConfigurator.swift; sourceTree = "<group>"; };
		7E39349D291AB7C6004C3146 /* Compler iOS.app */ = {isa = PBXFileReference; explicitFileType = wrapper.application; includeInIndex = 0; path = "Compler iOS.app"; sourceTree = BUILT_PRODUCTS_DIR; };
		7E3934A0291AB7C6004C3146 /* Compler_iOSApp.swift */ = {isa = PBXFileReference; lastKnownFileType = sourcecode.swift; path = Compler_iOSApp.swift; sourceTree = "<group>"; };
		7E3934A4291AB7C9004C3146 /* Assets.xcassets */ = {isa = PBXFileReference; lastKnownFileType = folder.assetcatalog; path = Assets.xcassets; sourceTree = "<group>"; };
		7E3934A7291AB7C9004C3146 /* Preview Assets.xcassets */ = {isa = PBXFileReference; lastKnownFileType = folder.assetcatalog; path = "Preview Assets.xcassets"; sourceTree = "<group>"; };
		7E3934AF291AB820004C3146 /* DatabaseManager.swift */ = {isa = PBXFileReference; fileEncoding = 4; lastKnownFileType = sourcecode.swift; path = DatabaseManager.swift; sourceTree = "<group>"; };
		7E3934B1291AB821004C3146 /* DashboardView.swift */ = {isa = PBXFileReference; fileEncoding = 4; lastKnownFileType = sourcecode.swift; path = DashboardView.swift; sourceTree = "<group>"; };
		7E3934B3291AB821004C3146 /* CarouselCard.swift */ = {isa = PBXFileReference; fileEncoding = 4; lastKnownFileType = sourcecode.swift; path = CarouselCard.swift; sourceTree = "<group>"; };
		7E3934B4291AB821004C3146 /* CarouselView.swift */ = {isa = PBXFileReference; fileEncoding = 4; lastKnownFileType = sourcecode.swift; path = CarouselView.swift; sourceTree = "<group>"; };
		7E3934B5291AB821004C3146 /* ProductDetailView.swift */ = {isa = PBXFileReference; fileEncoding = 4; lastKnownFileType = sourcecode.swift; path = ProductDetailView.swift; sourceTree = "<group>"; };
		7E3934B6291AB821004C3146 /* ProductListView.swift */ = {isa = PBXFileReference; fileEncoding = 4; lastKnownFileType = sourcecode.swift; path = ProductListView.swift; sourceTree = "<group>"; };
		7E3934B8291AB82A004C3146 /* animated-logo.gif */ = {isa = PBXFileReference; lastKnownFileType = image.gif; path = "animated-logo.gif"; sourceTree = "<group>"; };
		7E3934BA291AB82A004C3146 /* Product.swift */ = {isa = PBXFileReference; fileEncoding = 4; lastKnownFileType = sourcecode.swift; path = Product.swift; sourceTree = "<group>"; };
		7E3934BB291AB82A004C3146 /* Resolution.swift */ = {isa = PBXFileReference; fileEncoding = 4; lastKnownFileType = sourcecode.swift; path = Resolution.swift; sourceTree = "<group>"; };
		7E3934CF291ABD25004C3146 /* GoogleService-Info.plist */ = {isa = PBXFileReference; fileEncoding = 4; lastKnownFileType = text.plist.xml; path = "GoogleService-Info.plist"; sourceTree = "<group>"; };
		7E91DC88291C19F20079B186 /* ProductViewModel.swift */ = {isa = PBXFileReference; lastKnownFileType = sourcecode.swift; path = ProductViewModel.swift; sourceTree = "<group>"; };
		7E91DC8A291C22D80079B186 /* ProductListViewModel.swift */ = {isa = PBXFileReference; lastKnownFileType = sourcecode.swift; path = ProductListViewModel.swift; sourceTree = "<group>"; };
		7E97AA1A2944E09F007B4DC8 /* CardField.swift */ = {isa = PBXFileReference; lastKnownFileType = sourcecode.swift; path = CardField.swift; sourceTree = "<group>"; };
		7E97AA1C2944E330007B4DC8 /* StripeManager.swift */ = {isa = PBXFileReference; lastKnownFileType = sourcecode.swift; path = StripeManager.swift; sourceTree = "<group>"; };
		7E97AA202944FE16007B4DC8 /* LargeButtonStyle.swift */ = {isa = PBXFileReference; lastKnownFileType = sourcecode.swift; path = LargeButtonStyle.swift; sourceTree = "<group>"; };
		7EC4B3A82920E73700ABEC90 /* ProductOption.swift */ = {isa = PBXFileReference; lastKnownFileType = sourcecode.swift; path = ProductOption.swift; sourceTree = "<group>"; };
/* End PBXFileReference section */

/* Begin PBXFrameworksBuildPhase section */
		7E39349A291AB7C6004C3146 /* Frameworks */ = {
			isa = PBXFrameworksBuildPhase;
			buildActionMask = 2147483647;
			files = (
				7E041E7C294380E80065BAF5 /* StripeIdentity in Frameworks */,
				7E041E80294380E80065BAF5 /* StripePayments in Frameworks */,
				7E041E78294380E80065BAF5 /* StripeCardScan in Frameworks */,
				7E041E7A294380E80065BAF5 /* StripeFinancialConnections in Frameworks */,
				7E041E74294380E80065BAF5 /* Stripe in Frameworks */,
				7E041E7E294380E80065BAF5 /* StripePaymentSheet in Frameworks */,
				7E041E82294380E80065BAF5 /* StripePaymentsUI in Frameworks */,
				7E3934D3291ACE18004C3146 /* SDWebImageSwiftUI in Frameworks */,
				7E3934CA291ABBD4004C3146 /* FirebaseAuth in Frameworks */,
				7E041E87294385EA0065BAF5 /* FirebaseFunctions in Frameworks */,
				7E041E76294380E80065BAF5 /* StripeApplePay in Frameworks */,
				7E3934CC291ABBD4004C3146 /* FirebaseFirestore in Frameworks */,
				7E3934CE291ABBD4004C3146 /* FirebaseFirestoreSwift in Frameworks */,
			);
			runOnlyForDeploymentPostprocessing = 0;
		};
/* End PBXFrameworksBuildPhase section */

/* Begin PBXGroup section */
		7E00ABB72938FC5300E7BDBE /* Extensions */ = {
			isa = PBXGroup;
			children = (
				7E00ABB82938FC6500E7BDBE /* Color+Extension.swift */,
			);
			path = Extensions;
			sourceTree = "<group>";
		};
		7E00ABC02939078000E7BDBE /* Button styles */ = {
			isa = PBXGroup;
			children = (
				7E00ABBE293905BC00E7BDBE /* OutlineButtonStyle.swift */,
				7E97AA202944FE16007B4DC8 /* LargeButtonStyle.swift */,
			);
			path = "Button styles";
			sourceTree = "<group>";
		};
		7E00ABC729390CBB00E7BDBE /* Product list */ = {
			isa = PBXGroup;
			children = (
				7E3934B6291AB821004C3146 /* ProductListView.swift */,
				7E00ABBA2938FE3900E7BDBE /* ProductListCard.swift */,
				7E00ABC1293907C500E7BDBE /* ProductListFilter.swift */,
				7E00ABBC2939055B00E7BDBE /* ProductListFilterButton.swift */,
			);
			path = "Product list";
			sourceTree = "<group>";
		};
		7E041E85294385EA0065BAF5 /* Frameworks */ = {
			isa = PBXGroup;
			children = (
			);
			name = Frameworks;
			sourceTree = "<group>";
		};
		7E393494291AB7C6004C3146 = {
			isa = PBXGroup;
			children = (
				7E39349F291AB7C6004C3146 /* Compler iOS */,
				7E39349E291AB7C6004C3146 /* Products */,
				7E041E85294385EA0065BAF5 /* Frameworks */,
			);
			sourceTree = "<group>";
		};
		7E39349E291AB7C6004C3146 /* Products */ = {
			isa = PBXGroup;
			children = (
				7E39349D291AB7C6004C3146 /* Compler iOS.app */,
			);
			name = Products;
			sourceTree = "<group>";
		};
		7E39349F291AB7C6004C3146 /* Compler iOS */ = {
			isa = PBXGroup;
			children = (
				7E3934A0291AB7C6004C3146 /* Compler_iOSApp.swift */,
				7E3934CF291ABD25004C3146 /* GoogleService-Info.plist */,
				7E3934B0291AB821004C3146 /* Views */,
				7E3934BC291AB82C004C3146 /* ViewModels */,
				7E3934B9291AB82A004C3146 /* Models */,
				7E3934AE291AB820004C3146 /* Helpers */,
				7E00ABB72938FC5300E7BDBE /* Extensions */,
				7E3934B7291AB82A004C3146 /* Resources */,
				7E3934A4291AB7C9004C3146 /* Assets.xcassets */,
				7E3934A6291AB7C9004C3146 /* Preview Content */,
			);
			path = "Compler iOS";
			sourceTree = "<group>";
		};
		7E3934A6291AB7C9004C3146 /* Preview Content */ = {
			isa = PBXGroup;
			children = (
				7E3934A7291AB7C9004C3146 /* Preview Assets.xcassets */,
			);
			path = "Preview Content";
			sourceTree = "<group>";
		};
		7E3934AE291AB820004C3146 /* Helpers */ = {
			isa = PBXGroup;
			children = (
				7E3934AF291AB820004C3146 /* DatabaseManager.swift */,
				7E97AA1C2944E330007B4DC8 /* StripeManager.swift */,
			);
			path = Helpers;
			sourceTree = "<group>";
		};
		7E3934B0291AB821004C3146 /* Views */ = {
			isa = PBXGroup;
			children = (
				7E3934B1291AB821004C3146 /* DashboardView.swift */,
				7E00ABC729390CBB00E7BDBE /* Product list */,
				7E97AA24294503B4007B4DC8 /* Checkout */,
				7EC4B3A72920E54F00ABEC90 /* Product detail */,
				7E3934B2291AB821004C3146 /* Carousel */,
				7E00ABC02939078000E7BDBE /* Button styles */,
			);
			path = Views;
			sourceTree = "<group>";
		};
		7E3934B2291AB821004C3146 /* Carousel */ = {
			isa = PBXGroup;
			children = (
				7E3934B3291AB821004C3146 /* CarouselCard.swift */,
				7E3934B4291AB821004C3146 /* CarouselView.swift */,
			);
			path = Carousel;
			sourceTree = "<group>";
		};
		7E3934B7291AB82A004C3146 /* Resources */ = {
			isa = PBXGroup;
			children = (
				7E3934B8291AB82A004C3146 /* animated-logo.gif */,
			);
			path = Resources;
			sourceTree = "<group>";
		};
		7E3934B9291AB82A004C3146 /* Models */ = {
			isa = PBXGroup;
			children = (
				7E3934BA291AB82A004C3146 /* Product.swift */,
				7E00ABC32939080D00E7BDBE /* ProductFocus.swift */,
				7E00ABC52939081900E7BDBE /* ProductType.swift */,
				7E1B1EB12937A37E00E45C7D /* ProductConfiguration.swift */,
				7E1B1EB32937A3A600E45C7D /* ProductColor.swift */,
				7E3934BB291AB82A004C3146 /* Resolution.swift */,
				7E09B1B2293CE2A000960821 /* ProductFeature.swift */,
				7E041E6E29437FA90065BAF5 /* CheckoutProduct.swift */,
			);
			path = Models;
			sourceTree = "<group>";
		};
		7E3934BC291AB82C004C3146 /* ViewModels */ = {
			isa = PBXGroup;
			children = (
				7E91DC8A291C22D80079B186 /* ProductListViewModel.swift */,
				7E91DC88291C19F20079B186 /* ProductViewModel.swift */,
				7E041E832943859E0065BAF5 /* CheckoutViewModel.swift */,
			);
			path = ViewModels;
			sourceTree = "<group>";
		};
		7E97AA24294503B4007B4DC8 /* Checkout */ = {
			isa = PBXGroup;
			children = (
				7E041E70294380190065BAF5 /* CheckoutView.swift */,
				7E97AA1A2944E09F007B4DC8 /* CardField.swift */,
			);
			path = Checkout;
			sourceTree = "<group>";
		};
		7EC4B3A72920E54F00ABEC90 /* Product detail */ = {
			isa = PBXGroup;
			children = (
				7E3934B5291AB821004C3146 /* ProductDetailView.swift */,
				7E1B1EB52937AD5400E45C7D /* ProductConfigurator.swift */,
				7EC4B3A82920E73700ABEC90 /* ProductOption.swift */,
				7E09B1B02939408A00960821 /* ProductFeatureListView.swift */,
				7E09B1AE29393ECA00960821 /* ProductFeatureCell.swift */,
			);
			path = "Product detail";
			sourceTree = "<group>";
		};
/* End PBXGroup section */

/* Begin PBXNativeTarget section */
		7E39349C291AB7C6004C3146 /* Compler iOS */ = {
			isa = PBXNativeTarget;
			buildConfigurationList = 7E3934AB291AB7C9004C3146 /* Build configuration list for PBXNativeTarget "Compler iOS" */;
			buildPhases = (
				7E393499291AB7C6004C3146 /* Sources */,
				7E39349A291AB7C6004C3146 /* Frameworks */,
				7E39349B291AB7C6004C3146 /* Resources */,
			);
			buildRules = (
			);
			dependencies = (
			);
			name = "Compler iOS";
			packageProductDependencies = (
				7E3934C9291ABBD4004C3146 /* FirebaseAuth */,
				7E3934CB291ABBD4004C3146 /* FirebaseFirestore */,
				7E3934CD291ABBD4004C3146 /* FirebaseFirestoreSwift */,
				7E3934D2291ACE18004C3146 /* SDWebImageSwiftUI */,
				7E041E73294380E80065BAF5 /* Stripe */,
				7E041E75294380E80065BAF5 /* StripeApplePay */,
				7E041E77294380E80065BAF5 /* StripeCardScan */,
				7E041E79294380E80065BAF5 /* StripeFinancialConnections */,
				7E041E7B294380E80065BAF5 /* StripeIdentity */,
				7E041E7D294380E80065BAF5 /* StripePaymentSheet */,
				7E041E7F294380E80065BAF5 /* StripePayments */,
				7E041E81294380E80065BAF5 /* StripePaymentsUI */,
				7E041E86294385EA0065BAF5 /* FirebaseFunctions */,
			);
			productName = "Compler iOS";
			productReference = 7E39349D291AB7C6004C3146 /* Compler iOS.app */;
			productType = "com.apple.product-type.application";
		};
/* End PBXNativeTarget section */

/* Begin PBXProject section */
		7E393495291AB7C6004C3146 /* Project object */ = {
			isa = PBXProject;
			attributes = {
				BuildIndependentTargetsInParallel = 1;
				LastSwiftUpdateCheck = 1410;
				LastUpgradeCheck = 1410;
				TargetAttributes = {
					7E39349C291AB7C6004C3146 = {
						CreatedOnToolsVersion = 14.1;
					};
				};
			};
			buildConfigurationList = 7E393498291AB7C6004C3146 /* Build configuration list for PBXProject "Compler iOS" */;
			compatibilityVersion = "Xcode 14.0";
			developmentRegion = en;
			hasScannedForEncodings = 0;
			knownRegions = (
				en,
				Base,
			);
			mainGroup = 7E393494291AB7C6004C3146;
			packageReferences = (
				7E3934C8291ABBD4004C3146 /* XCRemoteSwiftPackageReference "firebase-ios-sdk" */,
				7E3934D1291ACE18004C3146 /* XCRemoteSwiftPackageReference "SDWebImageSwiftUI" */,
				7E041E72294380E80065BAF5 /* XCRemoteSwiftPackageReference "stripe-ios-spm" */,
			);
			productRefGroup = 7E39349E291AB7C6004C3146 /* Products */;
			projectDirPath = "";
			projectRoot = "";
			targets = (
				7E39349C291AB7C6004C3146 /* Compler iOS */,
			);
		};
/* End PBXProject section */

/* Begin PBXResourcesBuildPhase section */
		7E39349B291AB7C6004C3146 /* Resources */ = {
			isa = PBXResourcesBuildPhase;
			buildActionMask = 2147483647;
			files = (
				7E3934A8291AB7C9004C3146 /* Preview Assets.xcassets in Resources */,
				7E3934D0291ABD25004C3146 /* GoogleService-Info.plist in Resources */,
				7E3934A5291AB7C9004C3146 /* Assets.xcassets in Resources */,
				7E3934C4291AB82D004C3146 /* animated-logo.gif in Resources */,
			);
			runOnlyForDeploymentPostprocessing = 0;
		};
/* End PBXResourcesBuildPhase section */

/* Begin PBXSourcesBuildPhase section */
		7E393499291AB7C6004C3146 /* Sources */ = {
			isa = PBXSourcesBuildPhase;
			buildActionMask = 2147483647;
			files = (
				7E041E842943859E0065BAF5 /* CheckoutViewModel.swift in Sources */,
				7E1B1EB22937A37E00E45C7D /* ProductConfiguration.swift in Sources */,
				7E00ABBB2938FE3900E7BDBE /* ProductListCard.swift in Sources */,
				7EC4B3A92920E73700ABEC90 /* ProductOption.swift in Sources */,
				7E3934C3291AB82D004C3146 /* ProductListView.swift in Sources */,
				7E97AA1B2944E09F007B4DC8 /* CardField.swift in Sources */,
				7E3934C2291AB82D004C3146 /* ProductDetailView.swift in Sources */,
				7E00ABBF293905BC00E7BDBE /* OutlineButtonStyle.swift in Sources */,
				7E00ABBD2939055C00E7BDBE /* ProductListFilterButton.swift in Sources */,
				7E91DC8B291C22D80079B186 /* ProductListViewModel.swift in Sources */,
				7E041E71294380190065BAF5 /* CheckoutView.swift in Sources */,
				7E3934C6291AB82D004C3146 /* Resolution.swift in Sources */,
				7E00ABC2293907C500E7BDBE /* ProductListFilter.swift in Sources */,
				7E00ABC42939080D00E7BDBE /* ProductFocus.swift in Sources */,
				7E041E6F29437FA90065BAF5 /* CheckoutProduct.swift in Sources */,
				7E3934C0291AB82D004C3146 /* CarouselCard.swift in Sources */,
				7E09B1B12939408A00960821 /* ProductFeatureListView.swift in Sources */,
				7E00ABB92938FC6500E7BDBE /* Color+Extension.swift in Sources */,
				7E00ABC62939081900E7BDBE /* ProductType.swift in Sources */,
				7E3934BF291AB82C004C3146 /* DashboardView.swift in Sources */,
				7E97AA1D2944E330007B4DC8 /* StripeManager.swift in Sources */,
				7E3934A1291AB7C6004C3146 /* Compler_iOSApp.swift in Sources */,
				7E09B1B3293CE2A000960821 /* ProductFeature.swift in Sources */,
				7E1B1EB62937AD5400E45C7D /* ProductConfigurator.swift in Sources */,
				7E1B1EB42937A3A600E45C7D /* ProductColor.swift in Sources */,
				7E09B1AF29393ECA00960821 /* ProductFeatureCell.swift in Sources */,
				7E97AA212944FE16007B4DC8 /* LargeButtonStyle.swift in Sources */,
				7E91DC89291C19F20079B186 /* ProductViewModel.swift in Sources */,
				7E3934C5291AB82D004C3146 /* Product.swift in Sources */,
				7E3934C1291AB82D004C3146 /* CarouselView.swift in Sources */,
				7E3934BE291AB82C004C3146 /* DatabaseManager.swift in Sources */,
			);
			runOnlyForDeploymentPostprocessing = 0;
		};
/* End PBXSourcesBuildPhase section */

/* Begin XCBuildConfiguration section */
		7E3934A9291AB7C9004C3146 /* Debug */ = {
			isa = XCBuildConfiguration;
			buildSettings = {
				ALWAYS_SEARCH_USER_PATHS = NO;
				CLANG_ANALYZER_NONNULL = YES;
				CLANG_ANALYZER_NUMBER_OBJECT_CONVERSION = YES_AGGRESSIVE;
				CLANG_CXX_LANGUAGE_STANDARD = "gnu++20";
				CLANG_ENABLE_MODULES = YES;
				CLANG_ENABLE_OBJC_ARC = YES;
				CLANG_ENABLE_OBJC_WEAK = YES;
				CLANG_WARN_BLOCK_CAPTURE_AUTORELEASING = YES;
				CLANG_WARN_BOOL_CONVERSION = YES;
				CLANG_WARN_COMMA = YES;
				CLANG_WARN_CONSTANT_CONVERSION = YES;
				CLANG_WARN_DEPRECATED_OBJC_IMPLEMENTATIONS = YES;
				CLANG_WARN_DIRECT_OBJC_ISA_USAGE = YES_ERROR;
				CLANG_WARN_DOCUMENTATION_COMMENTS = YES;
				CLANG_WARN_EMPTY_BODY = YES;
				CLANG_WARN_ENUM_CONVERSION = YES;
				CLANG_WARN_INFINITE_RECURSION = YES;
				CLANG_WARN_INT_CONVERSION = YES;
				CLANG_WARN_NON_LITERAL_NULL_CONVERSION = YES;
				CLANG_WARN_OBJC_IMPLICIT_RETAIN_SELF = YES;
				CLANG_WARN_OBJC_LITERAL_CONVERSION = YES;
				CLANG_WARN_OBJC_ROOT_CLASS = YES_ERROR;
				CLANG_WARN_QUOTED_INCLUDE_IN_FRAMEWORK_HEADER = YES;
				CLANG_WARN_RANGE_LOOP_ANALYSIS = YES;
				CLANG_WARN_STRICT_PROTOTYPES = YES;
				CLANG_WARN_SUSPICIOUS_MOVE = YES;
				CLANG_WARN_UNGUARDED_AVAILABILITY = YES_AGGRESSIVE;
				CLANG_WARN_UNREACHABLE_CODE = YES;
				CLANG_WARN__DUPLICATE_METHOD_MATCH = YES;
				COPY_PHASE_STRIP = NO;
				DEBUG_INFORMATION_FORMAT = dwarf;
				ENABLE_STRICT_OBJC_MSGSEND = YES;
				ENABLE_TESTABILITY = YES;
				GCC_C_LANGUAGE_STANDARD = gnu11;
				GCC_DYNAMIC_NO_PIC = NO;
				GCC_NO_COMMON_BLOCKS = YES;
				GCC_OPTIMIZATION_LEVEL = 0;
				GCC_PREPROCESSOR_DEFINITIONS = (
					"DEBUG=1",
					"$(inherited)",
				);
				GCC_WARN_64_TO_32_BIT_CONVERSION = YES;
				GCC_WARN_ABOUT_RETURN_TYPE = YES_ERROR;
				GCC_WARN_UNDECLARED_SELECTOR = YES;
				GCC_WARN_UNINITIALIZED_AUTOS = YES_AGGRESSIVE;
				GCC_WARN_UNUSED_FUNCTION = YES;
				GCC_WARN_UNUSED_VARIABLE = YES;
				IPHONEOS_DEPLOYMENT_TARGET = 15.0;
				MTL_ENABLE_DEBUG_INFO = INCLUDE_SOURCE;
				MTL_FAST_MATH = YES;
				ONLY_ACTIVE_ARCH = YES;
				SDKROOT = iphoneos;
				SWIFT_ACTIVE_COMPILATION_CONDITIONS = DEBUG;
				SWIFT_OPTIMIZATION_LEVEL = "-Onone";
			};
			name = Debug;
		};
		7E3934AA291AB7C9004C3146 /* Release */ = {
			isa = XCBuildConfiguration;
			buildSettings = {
				ALWAYS_SEARCH_USER_PATHS = NO;
				CLANG_ANALYZER_NONNULL = YES;
				CLANG_ANALYZER_NUMBER_OBJECT_CONVERSION = YES_AGGRESSIVE;
				CLANG_CXX_LANGUAGE_STANDARD = "gnu++20";
				CLANG_ENABLE_MODULES = YES;
				CLANG_ENABLE_OBJC_ARC = YES;
				CLANG_ENABLE_OBJC_WEAK = YES;
				CLANG_WARN_BLOCK_CAPTURE_AUTORELEASING = YES;
				CLANG_WARN_BOOL_CONVERSION = YES;
				CLANG_WARN_COMMA = YES;
				CLANG_WARN_CONSTANT_CONVERSION = YES;
				CLANG_WARN_DEPRECATED_OBJC_IMPLEMENTATIONS = YES;
				CLANG_WARN_DIRECT_OBJC_ISA_USAGE = YES_ERROR;
				CLANG_WARN_DOCUMENTATION_COMMENTS = YES;
				CLANG_WARN_EMPTY_BODY = YES;
				CLANG_WARN_ENUM_CONVERSION = YES;
				CLANG_WARN_INFINITE_RECURSION = YES;
				CLANG_WARN_INT_CONVERSION = YES;
				CLANG_WARN_NON_LITERAL_NULL_CONVERSION = YES;
				CLANG_WARN_OBJC_IMPLICIT_RETAIN_SELF = YES;
				CLANG_WARN_OBJC_LITERAL_CONVERSION = YES;
				CLANG_WARN_OBJC_ROOT_CLASS = YES_ERROR;
				CLANG_WARN_QUOTED_INCLUDE_IN_FRAMEWORK_HEADER = YES;
				CLANG_WARN_RANGE_LOOP_ANALYSIS = YES;
				CLANG_WARN_STRICT_PROTOTYPES = YES;
				CLANG_WARN_SUSPICIOUS_MOVE = YES;
				CLANG_WARN_UNGUARDED_AVAILABILITY = YES_AGGRESSIVE;
				CLANG_WARN_UNREACHABLE_CODE = YES;
				CLANG_WARN__DUPLICATE_METHOD_MATCH = YES;
				COPY_PHASE_STRIP = NO;
				DEBUG_INFORMATION_FORMAT = "dwarf-with-dsym";
				ENABLE_NS_ASSERTIONS = NO;
				ENABLE_STRICT_OBJC_MSGSEND = YES;
				GCC_C_LANGUAGE_STANDARD = gnu11;
				GCC_NO_COMMON_BLOCKS = YES;
				GCC_WARN_64_TO_32_BIT_CONVERSION = YES;
				GCC_WARN_ABOUT_RETURN_TYPE = YES_ERROR;
				GCC_WARN_UNDECLARED_SELECTOR = YES;
				GCC_WARN_UNINITIALIZED_AUTOS = YES_AGGRESSIVE;
				GCC_WARN_UNUSED_FUNCTION = YES;
				GCC_WARN_UNUSED_VARIABLE = YES;
				IPHONEOS_DEPLOYMENT_TARGET = 15.0;
				MTL_ENABLE_DEBUG_INFO = NO;
				MTL_FAST_MATH = YES;
				SDKROOT = iphoneos;
				SWIFT_COMPILATION_MODE = wholemodule;
				SWIFT_OPTIMIZATION_LEVEL = "-O";
				VALIDATE_PRODUCT = YES;
			};
			name = Release;
		};
		7E3934AC291AB7C9004C3146 /* Debug */ = {
			isa = XCBuildConfiguration;
			buildSettings = {
				ASSETCATALOG_COMPILER_APPICON_NAME = AppIcon;
				ASSETCATALOG_COMPILER_GLOBAL_ACCENT_COLOR_NAME = AccentColor;
				CODE_SIGN_STYLE = Automatic;
				CURRENT_PROJECT_VERSION = 1;
				DEVELOPMENT_ASSET_PATHS = "\"Compler iOS/Preview Content\"";
				DEVELOPMENT_TEAM = 9RMDGN7PP4;
				ENABLE_PREVIEWS = YES;
				GENERATE_INFOPLIST_FILE = YES;
				INFOPLIST_KEY_CFBundleDisplayName = Compler;
				INFOPLIST_KEY_LSApplicationCategoryType = "public.app-category.shopping";
				INFOPLIST_KEY_UIApplicationSceneManifest_Generation = YES;
				INFOPLIST_KEY_UIApplicationSupportsIndirectInputEvents = YES;
				INFOPLIST_KEY_UILaunchScreen_Generation = YES;
				INFOPLIST_KEY_UISupportedInterfaceOrientations = "UIInterfaceOrientationLandscapeLeft UIInterfaceOrientationLandscapeRight UIInterfaceOrientationPortrait";
				INFOPLIST_KEY_UISupportedInterfaceOrientations_iPad = "UIInterfaceOrientationLandscapeLeft UIInterfaceOrientationLandscapeRight UIInterfaceOrientationPortrait UIInterfaceOrientationPortraitUpsideDown";
				LD_RUNPATH_SEARCH_PATHS = (
					"$(inherited)",
					"@executable_path/Frameworks",
				);
				MARKETING_VERSION = 1.0;
				PRODUCT_BUNDLE_IDENTIFIER = "cz.compler.Compler-iOS";
				PRODUCT_NAME = "$(TARGET_NAME)";
				SWIFT_EMIT_LOC_STRINGS = YES;
				SWIFT_VERSION = 5.0;
				TARGETED_DEVICE_FAMILY = "1,2";
			};
			name = Debug;
		};
		7E3934AD291AB7C9004C3146 /* Release */ = {
			isa = XCBuildConfiguration;
			buildSettings = {
				ASSETCATALOG_COMPILER_APPICON_NAME = AppIcon;
				ASSETCATALOG_COMPILER_GLOBAL_ACCENT_COLOR_NAME = AccentColor;
				CODE_SIGN_STYLE = Automatic;
				CURRENT_PROJECT_VERSION = 1;
				DEVELOPMENT_ASSET_PATHS = "\"Compler iOS/Preview Content\"";
				DEVELOPMENT_TEAM = 9RMDGN7PP4;
				ENABLE_PREVIEWS = YES;
				GENERATE_INFOPLIST_FILE = YES;
				INFOPLIST_KEY_CFBundleDisplayName = Compler;
				INFOPLIST_KEY_LSApplicationCategoryType = "public.app-category.shopping";
				INFOPLIST_KEY_UIApplicationSceneManifest_Generation = YES;
				INFOPLIST_KEY_UIApplicationSupportsIndirectInputEvents = YES;
				INFOPLIST_KEY_UILaunchScreen_Generation = YES;
				INFOPLIST_KEY_UISupportedInterfaceOrientations = "UIInterfaceOrientationLandscapeLeft UIInterfaceOrientationLandscapeRight UIInterfaceOrientationPortrait";
				INFOPLIST_KEY_UISupportedInterfaceOrientations_iPad = "UIInterfaceOrientationLandscapeLeft UIInterfaceOrientationLandscapeRight UIInterfaceOrientationPortrait UIInterfaceOrientationPortraitUpsideDown";
				LD_RUNPATH_SEARCH_PATHS = (
					"$(inherited)",
					"@executable_path/Frameworks",
				);
				MARKETING_VERSION = 1.0;
				PRODUCT_BUNDLE_IDENTIFIER = "cz.compler.Compler-iOS";
				PRODUCT_NAME = "$(TARGET_NAME)";
				SWIFT_EMIT_LOC_STRINGS = YES;
				SWIFT_VERSION = 5.0;
				TARGETED_DEVICE_FAMILY = "1,2";
			};
			name = Release;
		};
/* End XCBuildConfiguration section */

/* Begin XCConfigurationList section */
		7E393498291AB7C6004C3146 /* Build configuration list for PBXProject "Compler iOS" */ = {
			isa = XCConfigurationList;
			buildConfigurations = (
				7E3934A9291AB7C9004C3146 /* Debug */,
				7E3934AA291AB7C9004C3146 /* Release */,
			);
			defaultConfigurationIsVisible = 0;
			defaultConfigurationName = Release;
		};
		7E3934AB291AB7C9004C3146 /* Build configuration list for PBXNativeTarget "Compler iOS" */ = {
			isa = XCConfigurationList;
			buildConfigurations = (
				7E3934AC291AB7C9004C3146 /* Debug */,
				7E3934AD291AB7C9004C3146 /* Release */,
			);
			defaultConfigurationIsVisible = 0;
			defaultConfigurationName = Release;
		};
/* End XCConfigurationList section */

/* Begin XCRemoteSwiftPackageReference section */
		7E041E72294380E80065BAF5 /* XCRemoteSwiftPackageReference "stripe-ios-spm" */ = {
			isa = XCRemoteSwiftPackageReference;
			repositoryURL = "https://github.com/stripe/stripe-ios-spm";
			requirement = {
				kind = upToNextMinorVersion;
				minimumVersion = 23.3.0;
			};
		};
		7E3934C8291ABBD4004C3146 /* XCRemoteSwiftPackageReference "firebase-ios-sdk" */ = {
			isa = XCRemoteSwiftPackageReference;
			repositoryURL = "https://github.com/firebase/firebase-ios-sdk";
			requirement = {
				branch = master;
				kind = branch;
			};
		};
		7E3934D1291ACE18004C3146 /* XCRemoteSwiftPackageReference "SDWebImageSwiftUI" */ = {
			isa = XCRemoteSwiftPackageReference;
			repositoryURL = "https://github.com/SDWebImage/SDWebImageSwiftUI";
			requirement = {
				branch = master;
				kind = branch;
			};
		};
/* End XCRemoteSwiftPackageReference section */

/* Begin XCSwiftPackageProductDependency section */
		7E041E73294380E80065BAF5 /* Stripe */ = {
			isa = XCSwiftPackageProductDependency;
			package = 7E041E72294380E80065BAF5 /* XCRemoteSwiftPackageReference "stripe-ios-spm" */;
			productName = Stripe;
		};
		7E041E75294380E80065BAF5 /* StripeApplePay */ = {
			isa = XCSwiftPackageProductDependency;
			package = 7E041E72294380E80065BAF5 /* XCRemoteSwiftPackageReference "stripe-ios-spm" */;
			productName = StripeApplePay;
		};
		7E041E77294380E80065BAF5 /* StripeCardScan */ = {
			isa = XCSwiftPackageProductDependency;
			package = 7E041E72294380E80065BAF5 /* XCRemoteSwiftPackageReference "stripe-ios-spm" */;
			productName = StripeCardScan;
		};
		7E041E79294380E80065BAF5 /* StripeFinancialConnections */ = {
			isa = XCSwiftPackageProductDependency;
			package = 7E041E72294380E80065BAF5 /* XCRemoteSwiftPackageReference "stripe-ios-spm" */;
			productName = StripeFinancialConnections;
		};
		7E041E7B294380E80065BAF5 /* StripeIdentity */ = {
			isa = XCSwiftPackageProductDependency;
			package = 7E041E72294380E80065BAF5 /* XCRemoteSwiftPackageReference "stripe-ios-spm" */;
			productName = StripeIdentity;
		};
		7E041E7D294380E80065BAF5 /* StripePaymentSheet */ = {
			isa = XCSwiftPackageProductDependency;
			package = 7E041E72294380E80065BAF5 /* XCRemoteSwiftPackageReference "stripe-ios-spm" */;
			productName = StripePaymentSheet;
		};
		7E041E7F294380E80065BAF5 /* StripePayments */ = {
			isa = XCSwiftPackageProductDependency;
			package = 7E041E72294380E80065BAF5 /* XCRemoteSwiftPackageReference "stripe-ios-spm" */;
			productName = StripePayments;
		};
		7E041E81294380E80065BAF5 /* StripePaymentsUI */ = {
			isa = XCSwiftPackageProductDependency;
			package = 7E041E72294380E80065BAF5 /* XCRemoteSwiftPackageReference "stripe-ios-spm" */;
			productName = StripePaymentsUI;
		};
		7E041E86294385EA0065BAF5 /* FirebaseFunctions */ = {
			isa = XCSwiftPackageProductDependency;
			package = 7E3934C8291ABBD4004C3146 /* XCRemoteSwiftPackageReference "firebase-ios-sdk" */;
			productName = FirebaseFunctions;
		};
		7E3934C9291ABBD4004C3146 /* FirebaseAuth */ = {
			isa = XCSwiftPackageProductDependency;
			package = 7E3934C8291ABBD4004C3146 /* XCRemoteSwiftPackageReference "firebase-ios-sdk" */;
			productName = FirebaseAuth;
		};
		7E3934CB291ABBD4004C3146 /* FirebaseFirestore */ = {
			isa = XCSwiftPackageProductDependency;
			package = 7E3934C8291ABBD4004C3146 /* XCRemoteSwiftPackageReference "firebase-ios-sdk" */;
			productName = FirebaseFirestore;
		};
		7E3934CD291ABBD4004C3146 /* FirebaseFirestoreSwift */ = {
			isa = XCSwiftPackageProductDependency;
			package = 7E3934C8291ABBD4004C3146 /* XCRemoteSwiftPackageReference "firebase-ios-sdk" */;
			productName = FirebaseFirestoreSwift;
		};
		7E3934D2291ACE18004C3146 /* SDWebImageSwiftUI */ = {
			isa = XCSwiftPackageProductDependency;
			package = 7E3934D1291ACE18004C3146 /* XCRemoteSwiftPackageReference "SDWebImageSwiftUI" */;
			productName = SDWebImageSwiftUI;
		};
/* End XCSwiftPackageProductDependency section */
	};
	rootObject = 7E393495291AB7C6004C3146 /* Project object */;
}
